
Microsoft Visual Studio Solution File, Format Version 12.00
# Visual Studio Version 17
VisualStudioVersion = 17.5.33530.505
MinimumVisualStudioVersion = 10.0.40219.1
Project("{9A19103F-16F7-4668-BE54-9A1E7A4F7556}") = "ClothingTweaker", "VisualStudio\ClothingTweaker.csproj", "{A6407FBE-BE24-4673-8F54-4DCFC5062CC1}"
EndProject
Global
	GlobalSection(SolutionConfigurationPlatforms) = preSolution
		Debug|Any CPU = Debug|Any CPU
		Release|Any CPU = Release|Any CPU
	EndGlobalSection
	GlobalSection(ProjectConfigurationPlatforms) = postSolution
		{A6407FBE-BE24-4673-8F54-4DCFC5062CC1}.Debug|Any CPU.ActiveCfg = Debug|Any CPU
		{A6407FBE-BE24-4673-8F54-4DCFC5062CC1}.Debug|Any CPU.Build.0 = Debug|Any CPU
		{A6407FBE-BE24-4673-8F54-4DCFC5062CC1}.Release|Any CPU.ActiveCfg = Release|Any CPU
		{A6407FBE-BE24-4673-8F54-4DCFC5062CC1}.Release|Any CPU.Build.0 = Release|Any CPU
	EndGlobalSection
	GlobalSection(SolutionProperties) = preSolution
		HideSolutionNode = FALSE
	EndGlobalSection
	GlobalSection(ExtensibilityGlobals) = postSolution
		SolutionGuid = {5B5F6B01-B881-48AC-945D-8E6B2E713A1C}
	EndGlobalSection
EndGlobal
